
Microsoft Visual Studio Solution File, Format Version 12.00
# Visual Studio Version 17
VisualStudioVersion = 17.14.36811.4 d17.14
MinimumVisualStudioVersion = 10.0.40219.1
Project("{FAE04EC0-301F-11D3-BF4B-00C04F79EFBC}") = "Stronghold.API", "Stronghold.API\Stronghold.API.csproj", "{9A385523-9570-45CE-95BE-2B4145F0F547}"
EndProject
Project("{FAE04EC0-301F-11D3-BF4B-00C04F79EFBC}") = "Stronghold.Application", "Stronghold.Application\Stronghold.Application.csproj", "{D44FFB29-7AF7-4D8A-AA8C-782F326810E3}"
EndProject
Project("{FAE04EC0-301F-11D3-BF4B-00C04F79EFBC}") = "Stronghold.Core", "Stronghold.Core\Stronghold.Core.csproj", "{6C353E11-DD09-45C7-8652-66239943A40B}"
EndProject
Project("{FAE04EC0-301F-11D3-BF4B-00C04F79EFBC}") = "Stronghold.Infrastructure", "Stronghold.Infrastructure\Stronghold.Infrastructure.csproj", "{7FD57DED-945A-490C-9068-7F15F25C23BA}"
EndProject
Project("{FAE04EC0-301F-11D3-BF4B-00C04F79EFBC}") = "Stronghold.Messaging", "Stronghold.Messaging\Stronghold.Messaging.csproj", "{A1B2C3D4-E5F6-7890-ABCD-EF1234567890}"
EndProject
Project("{FAE04EC0-301F-11D3-BF4B-00C04F79EFBC}") = "Stronghold.Worker", "Stronghold.Worker\Stronghold.Worker.csproj", "{B2C3D4E5-F6A7-8901-BCDE-F12345678901}"
EndProject
Project("{FAE04EC0-301F-11D3-BF4B-00C04F79EFBC}") = "Stronghold.Application.Tests", "tests\Stronghold.Application.Tests\Stronghold.Application.Tests.csproj", "{22B9C0BB-328D-4061-BD84-4A353A2D010B}"
EndProject
Project("{FAE04EC0-301F-11D3-BF4B-00C04F79EFBC}") = "Stronghold.Infrastructure.Tests", "tests\Stronghold.Infrastructure.Tests\Stronghold.Infrastructure.Tests.csproj", "{A587CEF7-F600-402E-9D7B-A3A23FFC69D8}"
EndProject
Project("{FAE04EC0-301F-11D3-BF4B-00C04F79EFBC}") = "Stronghold.API.Tests", "tests\Stronghold.API.Tests\Stronghold.API.Tests.csproj", "{D1B2FC2E-3972-4A6F-BE65-0D5A46DC6880}"
EndProject
Project("{FAE04EC0-301F-11D3-BF4B-00C04F79EFBC}") = "Stronghold.TestServer", "Stronghold.TestServer\Stronghold.TestServer.csproj", "{7259357F-FCB4-44A5-8119-64564103E88D}"
EndProject
Global
	GlobalSection(SolutionConfigurationPlatforms) = preSolution
		Debug|Any CPU = Debug|Any CPU
		Release|Any CPU = Release|Any CPU
	EndGlobalSection
	GlobalSection(ProjectConfigurationPlatforms) = postSolution
		{9A385523-9570-45CE-95BE-2B4145F0F547}.Debug|Any CPU.ActiveCfg = Debug|Any CPU
		{9A385523-9570-45CE-95BE-2B4145F0F547}.Debug|Any CPU.Build.0 = Debug|Any CPU
		{9A385523-9570-45CE-95BE-2B4145F0F547}.Release|Any CPU.ActiveCfg = Release|Any CPU
		{9A385523-9570-45CE-95BE-2B4145F0F547}.Release|Any CPU.Build.0 = Release|Any CPU
		{D44FFB29-7AF7-4D8A-AA8C-782F326810E3}.Debug|Any CPU.ActiveCfg = Debug|Any CPU
		{D44FFB29-7AF7-4D8A-AA8C-782F326810E3}.Debug|Any CPU.Build.0 = Debug|Any CPU
		{D44FFB29-7AF7-4D8A-AA8C-782F326810E3}.Release|Any CPU.ActiveCfg = Release|Any CPU
		{D44FFB29-7AF7-4D8A-AA8C-782F326810E3}.Release|Any CPU.Build.0 = Release|Any CPU
		{6C353E11-DD09-45C7-8652-66239943A40B}.Debug|Any CPU.ActiveCfg = Debug|Any CPU
		{6C353E11-DD09-45C7-8652-66239943A40B}.Debug|Any CPU.Build.0 = Debug|Any CPU
		{6C353E11-DD09-45C7-8652-66239943A40B}.Release|Any CPU.ActiveCfg = Release|Any CPU
		{6C353E11-DD09-45C7-8652-66239943A40B}.Release|Any CPU.Build.0 = Release|Any CPU
		{7FD57DED-945A-490C-9068-7F15F25C23BA}.Debug|Any CPU.ActiveCfg = Debug|Any CPU
		{7FD57DED-945A-490C-9068-7F15F25C23BA}.Debug|Any CPU.Build.0 = Debug|Any CPU
		{7FD57DED-945A-490C-9068-7F15F25C23BA}.Release|Any CPU.ActiveCfg = Release|Any CPU
		{7FD57DED-945A-490C-9068-7F15F25C23BA}.Release|Any CPU.Build.0 = Release|Any CPU
		{A1B2C3D4-E5F6-7890-ABCD-EF1234567890}.Debug|Any CPU.ActiveCfg = Debug|Any CPU
		{A1B2C3D4-E5F6-7890-ABCD-EF1234567890}.Debug|Any CPU.Build.0 = Debug|Any CPU
		{A1B2C3D4-E5F6-7890-ABCD-EF1234567890}.Release|Any CPU.ActiveCfg = Release|Any CPU
		{A1B2C3D4-E5F6-7890-ABCD-EF1234567890}.Release|Any CPU.Build.0 = Release|Any CPU
		{B2C3D4E5-F6A7-8901-BCDE-F12345678901}.Debug|Any CPU.ActiveCfg = Debug|Any CPU
		{B2C3D4E5-F6A7-8901-BCDE-F12345678901}.Debug|Any CPU.Build.0 = Debug|Any CPU
		{B2C3D4E5-F6A7-8901-BCDE-F12345678901}.Release|Any CPU.ActiveCfg = Release|Any CPU
		{B2C3D4E5-F6A7-8901-BCDE-F12345678901}.Release|Any CPU.Build.0 = Release|Any CPU
		{22B9C0BB-328D-4061-BD84-4A353A2D010B}.Debug|Any CPU.ActiveCfg = Debug|Any CPU
		{22B9C0BB-328D-4061-BD84-4A353A2D010B}.Debug|Any CPU.Build.0 = Debug|Any CPU
		{22B9C0BB-328D-4061-BD84-4A353A2D010B}.Release|Any CPU.ActiveCfg = Release|Any CPU
		{22B9C0BB-328D-4061-BD84-4A353A2D010B}.Release|Any CPU.Build.0 = Release|Any CPU
		{A587CEF7-F600-402E-9D7B-A3A23FFC69D8}.Debug|Any CPU.ActiveCfg = Debug|Any CPU
		{A587CEF7-F600-402E-9D7B-A3A23FFC69D8}.Debug|Any CPU.Build.0 = Debug|Any CPU
		{A587CEF7-F600-402E-9D7B-A3A23FFC69D8}.Release|Any CPU.ActiveCfg = Release|Any CPU
		{A587CEF7-F600-402E-9D7B-A3A23FFC69D8}.Release|Any CPU.Build.0 = Release|Any CPU
		{D1B2FC2E-3972-4A6F-BE65-0D5A46DC6880}.Debug|Any CPU.ActiveCfg = Debug|Any CPU
		{D1B2FC2E-3972-4A6F-BE65-0D5A46DC6880}.Debug|Any CPU.Build.0 = Debug|Any CPU
		{D1B2FC2E-3972-4A6F-BE65-0D5A46DC6880}.Release|Any CPU.ActiveCfg = Release|Any CPU
		{D1B2FC2E-3972-4A6F-BE65-0D5A46DC6880}.Release|Any CPU.Build.0 = Release|Any CPU
		{7259357F-FCB4-44A5-8119-64564103E88D}.Debug|Any CPU.ActiveCfg = Debug|Any CPU
		{7259357F-FCB4-44A5-8119-64564103E88D}.Debug|Any CPU.Build.0 = Debug|Any CPU
		{7259357F-FCB4-44A5-8119-64564103E88D}.Release|Any CPU.ActiveCfg = Release|Any CPU
		{7259357F-FCB4-44A5-8119-64564103E88D}.Release|Any CPU.Build.0 = Release|Any CPU
	EndGlobalSection
	GlobalSection(SolutionProperties) = preSolution
		HideSolutionNode = FALSE
	EndGlobalSection
	GlobalSection(ExtensibilityGlobals) = postSolution
		SolutionGuid = {8D737283-CC63-4338-B6A7-5E1A5909FF34}
	EndGlobalSection
EndGlobal
